
Microsoft Visual Studio Solution File, Format Version 12.00
# Visual Studio Version 17
VisualStudioVersion = 17.11.35222.181
MinimumVisualStudioVersion = 10.0.40219.1
Project("{FAE04EC0-301F-11D3-BF4B-00C04F79EFBC}") = "ProductAPI", "ProductAPI\ProductAPI.csproj", "{C6D5899B-121F-42F7-B90C-D500716157B8}"
EndProject
Global
	GlobalSection(SolutionConfigurationPlatforms) = preSolution
		Debug|Any CPU = Debug|Any CPU
		Release|Any CPU = Release|Any CPU
	EndGlobalSection
	GlobalSection(ProjectConfigurationPlatforms) = postSolution
		{C6D5899B-121F-42F7-B90C-D500716157B8}.Debug|Any CPU.ActiveCfg = Debug|Any CPU
		{C6D5899B-121F-42F7-B90C-D500716157B8}.Debug|Any CPU.Build.0 = Debug|Any CPU
		{C6D5899B-121F-42F7-B90C-D500716157B8}.Release|Any CPU.ActiveCfg = Release|Any CPU
		{C6D5899B-121F-42F7-B90C-D500716157B8}.Release|Any CPU.Build.0 = Release|Any CPU
	EndGlobalSection
	GlobalSection(SolutionProperties) = preSolution
		HideSolutionNode = FALSE
	EndGlobalSection
	GlobalSection(ExtensibilityGlobals) = postSolution
		SolutionGuid = {59A0366B-75B9-4E90-98CE-60E69DF4F822}
	EndGlobalSection
EndGlobal
